
Microsoft Visual Studio Solution File, Format Version 12.00
# Visual Studio Version 17
VisualStudioVersion = 17.7.34221.43
MinimumVisualStudioVersion = 10.0.40219.1
Project("{FAE04EC0-301F-11D3-BF4B-00C04F79EFBC}") = "LabaWS1", "LabaWS1\LabaWS1.csproj", "{DE673506-625E-4506-BA35-06B5743F2843}"
EndProject
Global
	GlobalSection(SolutionConfigurationPlatforms) = preSolution
		Debug|Any CPU = Debug|Any CPU
		Release|Any CPU = Release|Any CPU
	EndGlobalSection
	GlobalSection(ProjectConfigurationPlatforms) = postSolution
		{DE673506-625E-4506-BA35-06B5743F2843}.Debug|Any CPU.ActiveCfg = Debug|Any CPU
		{DE673506-625E-4506-BA35-06B5743F2843}.Debug|Any CPU.Build.0 = Debug|Any CPU
		{DE673506-625E-4506-BA35-06B5743F2843}.Release|Any CPU.ActiveCfg = Release|Any CPU
		{DE673506-625E-4506-BA35-06B5743F2843}.Release|Any CPU.Build.0 = Release|Any CPU
	EndGlobalSection
	GlobalSection(SolutionProperties) = preSolution
		HideSolutionNode = FALSE
	EndGlobalSection
	GlobalSection(ExtensibilityGlobals) = postSolution
		SolutionGuid = {C5663B11-D1FF-48C6-9E80-665BD1DAC6DE}
	EndGlobalSection
EndGlobal
